
Microsoft Visual Studio Solution File, Format Version 12.00
# Visual Studio Version 17
VisualStudioVersion = 17.8.34330.188
MinimumVisualStudioVersion = 10.0.40219.1
Project("{FAE04EC0-301F-11D3-BF4B-00C04F79EFBC}") = "EmployeeManagement", "EmployeeManagement.csproj", "{B54E6B0B-E006-4960-9692-488FEAD53B97}"
EndProject
Global
	GlobalSection(SolutionConfigurationPlatforms) = preSolution
		Debug|Any CPU = Debug|Any CPU
		Release|Any CPU = Release|Any CPU
	EndGlobalSection
	GlobalSection(ProjectConfigurationPlatforms) = postSolution
		{B54E6B0B-E006-4960-9692-488FEAD53B97}.Debug|Any CPU.ActiveCfg = Debug|Any CPU
		{B54E6B0B-E006-4960-9692-488FEAD53B97}.Debug|Any CPU.Build.0 = Debug|Any CPU
		{B54E6B0B-E006-4960-9692-488FEAD53B97}.Release|Any CPU.ActiveCfg = Release|Any CPU
		{B54E6B0B-E006-4960-9692-488FEAD53B97}.Release|Any CPU.Build.0 = Release|Any CPU
	EndGlobalSection
	GlobalSection(SolutionProperties) = preSolution
		HideSolutionNode = FALSE
	EndGlobalSection
	GlobalSection(ExtensibilityGlobals) = postSolution
		SolutionGuid = {3A7CDDB6-1935-4FBA-8AF6-6AA7E60CD7E1}
	EndGlobalSection
EndGlobal
